
Microsoft Visual Studio Solution File, Format Version 12.00
# Visual Studio Version 17
VisualStudioVersion = 17.1.32328.378
MinimumVisualStudioVersion = 10.0.40219.1
Project("{FAE04EC0-301F-11D3-BF4B-00C04F79EFBC}") = "TarefeiroAPI", "TarefeiroAPI\TarefeiroAPI.csproj", "{32BC2474-ED9F-42B4-8002-6184B9A0083D}"
EndProject
Global
	GlobalSection(SolutionConfigurationPlatforms) = preSolution
		Debug|Any CPU = Debug|Any CPU
		Release|Any CPU = Release|Any CPU
	EndGlobalSection
	GlobalSection(ProjectConfigurationPlatforms) = postSolution
		{32BC2474-ED9F-42B4-8002-6184B9A0083D}.Debug|Any CPU.ActiveCfg = Debug|Any CPU
		{32BC2474-ED9F-42B4-8002-6184B9A0083D}.Debug|Any CPU.Build.0 = Debug|Any CPU
		{32BC2474-ED9F-42B4-8002-6184B9A0083D}.Release|Any CPU.ActiveCfg = Release|Any CPU
		{32BC2474-ED9F-42B4-8002-6184B9A0083D}.Release|Any CPU.Build.0 = Release|Any CPU
	EndGlobalSection
	GlobalSection(SolutionProperties) = preSolution
		HideSolutionNode = FALSE
	EndGlobalSection
	GlobalSection(ExtensibilityGlobals) = postSolution
		SolutionGuid = {00D9DD46-9FBD-4480-8548-6E305A264482}
	EndGlobalSection
EndGlobal
